
Microsoft Visual Studio Solution File, Format Version 12.00
Project("{FAE04EC0-301F-11D3-BF4B-00C04F79EFBC}") = "Monitor.Tests", "test\Monitor.Tests\Monitor.Tests.csproj", "{AD9B94F3-9764-49C3-812D-72F647DB793B}"
	ProjectSection(ProjectDependencies) = postProject
		{425EFF64-5E2C-4A71-A8F7-BEC243EFB127} = {425EFF64-5E2C-4A71-A8F7-BEC243EFB127}
	EndProjectSection
EndProject
Project("{FAE04EC0-301F-11D3-BF4B-00C04F79EFBC}") = "Data", "lib\Data\Data.csproj", "{CE2BF65A-315E-4BA1-9381-1F56881F0D35}"
EndProject
Project("{FAE04EC0-301F-11D3-BF4B-00C04F79EFBC}") = "Monitor", "app\Monitor\Monitor.csproj", "{F4213AE5-82A1-4972-BEE3-644EC455CA9F}"
EndProject
Project("{FAE04EC0-301F-11D3-BF4B-00C04F79EFBC}") = "Functions", "app\Functions\Functions.csproj", "{E692E477-75F8-4EA3-AAEE-782F371FFDBD}"
EndProject
Project("{FAE04EC0-301F-11D3-BF4B-00C04F79EFBC}") = "Monitor.Shared", "lib\Monitor.Shared\Monitor.Shared.csproj", "{38F7341D-1E50-48BC-9610-AD93E0761793}"
EndProject
Global
	GlobalSection(SolutionConfigurationPlatforms) = preSolution
		Debug|Any CPU = Debug|Any CPU
		Release|Any CPU = Release|Any CPU
	EndGlobalSection
	GlobalSection(ProjectConfigurationPlatforms) = postSolution
		{AD9B94F3-9764-49C3-812D-72F647DB793B}.Debug|Any CPU.ActiveCfg = Debug|Any CPU
		{AD9B94F3-9764-49C3-812D-72F647DB793B}.Debug|Any CPU.Build.0 = Debug|Any CPU
		{AD9B94F3-9764-49C3-812D-72F647DB793B}.Release|Any CPU.ActiveCfg = Release|Any CPU
		{AD9B94F3-9764-49C3-812D-72F647DB793B}.Release|Any CPU.Build.0 = Release|Any CPU
		{CE2BF65A-315E-4BA1-9381-1F56881F0D35}.Debug|Any CPU.ActiveCfg = Debug|Any CPU
		{CE2BF65A-315E-4BA1-9381-1F56881F0D35}.Debug|Any CPU.Build.0 = Debug|Any CPU
		{CE2BF65A-315E-4BA1-9381-1F56881F0D35}.Release|Any CPU.ActiveCfg = Release|Any CPU
		{CE2BF65A-315E-4BA1-9381-1F56881F0D35}.Release|Any CPU.Build.0 = Release|Any CPU
		{F4213AE5-82A1-4972-BEE3-644EC455CA9F}.Debug|Any CPU.ActiveCfg = Debug|Any CPU
		{F4213AE5-82A1-4972-BEE3-644EC455CA9F}.Debug|Any CPU.Build.0 = Debug|Any CPU
		{F4213AE5-82A1-4972-BEE3-644EC455CA9F}.Release|Any CPU.ActiveCfg = Release|Any CPU
		{F4213AE5-82A1-4972-BEE3-644EC455CA9F}.Release|Any CPU.Build.0 = Release|Any CPU
		{E692E477-75F8-4EA3-AAEE-782F371FFDBD}.Debug|Any CPU.ActiveCfg = Debug|Any CPU
		{E692E477-75F8-4EA3-AAEE-782F371FFDBD}.Debug|Any CPU.Build.0 = Debug|Any CPU
		{E692E477-75F8-4EA3-AAEE-782F371FFDBD}.Release|Any CPU.ActiveCfg = Release|Any CPU
		{E692E477-75F8-4EA3-AAEE-782F371FFDBD}.Release|Any CPU.Build.0 = Release|Any CPU
		{38F7341D-1E50-48BC-9610-AD93E0761793}.Debug|Any CPU.ActiveCfg = Debug|Any CPU
		{38F7341D-1E50-48BC-9610-AD93E0761793}.Debug|Any CPU.Build.0 = Debug|Any CPU
		{38F7341D-1E50-48BC-9610-AD93E0761793}.Release|Any CPU.ActiveCfg = Release|Any CPU
		{38F7341D-1E50-48BC-9610-AD93E0761793}.Release|Any CPU.Build.0 = Release|Any CPU
	EndGlobalSection
EndGlobal
