{
  "name": "nuh-collaboration",
  "lockfileVersion": 3,
  "requires": true,
  "packages": {
    "": {
      "name": "nuh-collaboration"
    },
    "app/client-app": {
      "version": "0.1.0",
      "extraneous": true,
      "dependencies": {
        "@radix-ui/react-slot": "^1.0.2",
        "@radix-ui/react-tabs": "^1.0.4",
        "@shadow-panda/style-context": "^0.6.0",
        "@types/node": "20.4.8",
        "@types/react": "^18.2.21",
        "@types/react-dom": "18.2.7",
        "eslint": "8.46.0",
        "eslint-config-next": "13.4.13",
        "next": "13.4.13",
        "next-themes": "^0.2.1",
        "react": "18.2.0",
        "react-dom": "18.2.0",
        "typescript": "5.1.6"
      },
      "devDependencies": {
        "@pandacss/dev": "^0.13.1",
        "@shadow-panda/preset": "^0.6.0"
      }
    },
    "packages/a": {
      "name": "client-app",
      "version": "1.0.0",
      "extraneous": true,
      "license": "ISC"
    }
  }
}
